
Microsoft Visual Studio Solution File, Format Version 12.00
# Visual Studio Version 17
VisualStudioVersion = 17.5.33424.131
MinimumVisualStudioVersion = 10.0.40219.1
Project("{FAE04EC0-301F-11D3-BF4B-00C04F79EFBC}") = "Language_Learning_Application", "Language_Learning_Application\Language_Learning_Application.csproj", "{357F24F2-127C-4ECD-867B-2AC0329C2018}"
EndProject
Global
	GlobalSection(SolutionConfigurationPlatforms) = preSolution
		Debug|Any CPU = Debug|Any CPU
		Release|Any CPU = Release|Any CPU
	EndGlobalSection
	GlobalSection(ProjectConfigurationPlatforms) = postSolution
		{357F24F2-127C-4ECD-867B-2AC0329C2018}.Debug|Any CPU.ActiveCfg = Debug|Any CPU
		{357F24F2-127C-4ECD-867B-2AC0329C2018}.Debug|Any CPU.Build.0 = Debug|Any CPU
		{357F24F2-127C-4ECD-867B-2AC0329C2018}.Release|Any CPU.ActiveCfg = Release|Any CPU
		{357F24F2-127C-4ECD-867B-2AC0329C2018}.Release|Any CPU.Build.0 = Release|Any CPU
	EndGlobalSection
	GlobalSection(SolutionProperties) = preSolution
		HideSolutionNode = FALSE
	EndGlobalSection
	GlobalSection(ExtensibilityGlobals) = postSolution
		SolutionGuid = {63F490A6-7998-4C3A-AF27-BE84B450C406}
	EndGlobalSection
EndGlobal
